
Microsoft Visual Studio Solution File, Format Version 12.00
# Visual Studio 14
VisualStudioVersion = 14.0.23107.0
MinimumVisualStudioVersion = 10.0.40219.1
Project("{FAE04EC0-301F-11D3-BF4B-00C04F79EFBC}") = "HardwareMonitor.Domain", "HardwareMonitor.Domain\HardwareMonitor.Domain.csproj", "{9482A6AC-332D-4C64-BCAB-7DB7D88EC100}"
EndProject
Project("{FAE04EC0-301F-11D3-BF4B-00C04F79EFBC}") = "HardwareManager.Temperature", "HardwareManager.Temperature\HardwareManager.Temperature.csproj", "{91D2901D-19B7-426D-AA13-AD4A5964627C}"
EndProject
Project("{FAE04EC0-301F-11D3-BF4B-00C04F79EFBC}") = "HardwareMonitor.WindowsService.WCF", "HardwareMonitor.WindowsService.WCF\HardwareMonitor.WindowsService.WCF.csproj", "{3FD3DC11-F735-45D7-814A-F17ED03DDE71}"
EndProject
Project("{FAE04EC0-301F-11D3-BF4B-00C04F79EFBC}") = "HardwareMonitor.WindowsService", "HardwareMonitor.WindowsService\HardwareMonitor.WindowsService.csproj", "{9F563D80-9FA9-4AB4-A03C-38A910EC2E04}"
EndProject
Project("{54435603-DBB4-11D2-8724-00A0C9A8B90C}") = "HardwareMonitorWindowsServiceSetup", "HardwareMonitorWindowsServiceSetup\HardwareMonitorWindowsServiceSetup.vdproj", "{0F8F5589-BF60-4052-B26C-B66747F5420D}"
EndProject
Project("{FAE04EC0-301F-11D3-BF4B-00C04F79EFBC}") = "HardwareManager.Temperature.WinTrayUI", "HardwareManager.Temperature.WinTrayUI\HardwareManager.Temperature.WinTrayUI.csproj", "{08EAB2B8-0E62-4B1B-ABBD-83D8CE26BDCB}"
EndProject
Global
	GlobalSection(SolutionConfigurationPlatforms) = preSolution
		Debug|Any CPU = Debug|Any CPU
		Release|Any CPU = Release|Any CPU
	EndGlobalSection
	GlobalSection(ProjectConfigurationPlatforms) = postSolution
		{9482A6AC-332D-4C64-BCAB-7DB7D88EC100}.Debug|Any CPU.ActiveCfg = Debug|Any CPU
		{9482A6AC-332D-4C64-BCAB-7DB7D88EC100}.Debug|Any CPU.Build.0 = Debug|Any CPU
		{9482A6AC-332D-4C64-BCAB-7DB7D88EC100}.Release|Any CPU.ActiveCfg = Release|Any CPU
		{9482A6AC-332D-4C64-BCAB-7DB7D88EC100}.Release|Any CPU.Build.0 = Release|Any CPU
		{91D2901D-19B7-426D-AA13-AD4A5964627C}.Debug|Any CPU.ActiveCfg = Debug|Any CPU
		{91D2901D-19B7-426D-AA13-AD4A5964627C}.Debug|Any CPU.Build.0 = Debug|Any CPU
		{91D2901D-19B7-426D-AA13-AD4A5964627C}.Release|Any CPU.ActiveCfg = Release|Any CPU
		{91D2901D-19B7-426D-AA13-AD4A5964627C}.Release|Any CPU.Build.0 = Release|Any CPU
		{3FD3DC11-F735-45D7-814A-F17ED03DDE71}.Debug|Any CPU.ActiveCfg = Debug|Any CPU
		{3FD3DC11-F735-45D7-814A-F17ED03DDE71}.Debug|Any CPU.Build.0 = Debug|Any CPU
		{3FD3DC11-F735-45D7-814A-F17ED03DDE71}.Release|Any CPU.ActiveCfg = Release|Any CPU
		{3FD3DC11-F735-45D7-814A-F17ED03DDE71}.Release|Any CPU.Build.0 = Release|Any CPU
		{9F563D80-9FA9-4AB4-A03C-38A910EC2E04}.Debug|Any CPU.ActiveCfg = Debug|Any CPU
		{9F563D80-9FA9-4AB4-A03C-38A910EC2E04}.Debug|Any CPU.Build.0 = Debug|Any CPU
		{9F563D80-9FA9-4AB4-A03C-38A910EC2E04}.Release|Any CPU.ActiveCfg = Release|Any CPU
		{9F563D80-9FA9-4AB4-A03C-38A910EC2E04}.Release|Any CPU.Build.0 = Release|Any CPU
		{0F8F5589-BF60-4052-B26C-B66747F5420D}.Debug|Any CPU.ActiveCfg = Debug
		{0F8F5589-BF60-4052-B26C-B66747F5420D}.Release|Any CPU.ActiveCfg = Release
		{08EAB2B8-0E62-4B1B-ABBD-83D8CE26BDCB}.Debug|Any CPU.ActiveCfg = Debug|Any CPU
		{08EAB2B8-0E62-4B1B-ABBD-83D8CE26BDCB}.Debug|Any CPU.Build.0 = Debug|Any CPU
		{08EAB2B8-0E62-4B1B-ABBD-83D8CE26BDCB}.Release|Any CPU.ActiveCfg = Release|Any CPU
		{08EAB2B8-0E62-4B1B-ABBD-83D8CE26BDCB}.Release|Any CPU.Build.0 = Release|Any CPU
	EndGlobalSection
	GlobalSection(SolutionProperties) = preSolution
		HideSolutionNode = FALSE
	EndGlobalSection
EndGlobal
